
Microsoft Visual Studio Solution File, Format Version 12.00
# Visual Studio Version 17
VisualStudioVersion = 17.7.34221.43
MinimumVisualStudioVersion = 10.0.40219.1
Project("{9A19103F-16F7-4668-BE54-9A1E7A4F7556}") = "TestDrekarLaunchProcessNETWaitExit", "test\TestDrekarLaunchProcessNETWaitExit\TestDrekarLaunchProcessNETWaitExit.csproj", "{2A923A1A-ECA9-48FC-BF05-A5FF07527BDD}"
EndProject
Project("{9A19103F-16F7-4668-BE54-9A1E7A4F7556}") = "DrekarLaunchProcessNET", "src\DrekarLaunchProcessNET.csproj", "{A56B652D-C849-49B2-BD69-ED6BA83ED170}"
EndProject
Project("{9A19103F-16F7-4668-BE54-9A1E7A4F7556}") = "TestDrekarLaunchProcessNETWaitExitCallback", "test\TestDrekarLaunchProcessNetWaitExitCallback\TestDrekarLaunchProcessNETWaitExitCallback.csproj", "{AC8E67C7-A914-4EC8-899F-8C963EE1EEA9}"
EndProject
Global
	GlobalSection(SolutionConfigurationPlatforms) = preSolution
		Debug|Any CPU = Debug|Any CPU
		Release|Any CPU = Release|Any CPU
	EndGlobalSection
	GlobalSection(ProjectConfigurationPlatforms) = postSolution
		{2A923A1A-ECA9-48FC-BF05-A5FF07527BDD}.Debug|Any CPU.ActiveCfg = Debug|Any CPU
		{2A923A1A-ECA9-48FC-BF05-A5FF07527BDD}.Debug|Any CPU.Build.0 = Debug|Any CPU
		{2A923A1A-ECA9-48FC-BF05-A5FF07527BDD}.Release|Any CPU.ActiveCfg = Release|Any CPU
		{2A923A1A-ECA9-48FC-BF05-A5FF07527BDD}.Release|Any CPU.Build.0 = Release|Any CPU
		{A56B652D-C849-49B2-BD69-ED6BA83ED170}.Debug|Any CPU.ActiveCfg = Debug|Any CPU
		{A56B652D-C849-49B2-BD69-ED6BA83ED170}.Debug|Any CPU.Build.0 = Debug|Any CPU
		{A56B652D-C849-49B2-BD69-ED6BA83ED170}.Release|Any CPU.ActiveCfg = Release|Any CPU
		{A56B652D-C849-49B2-BD69-ED6BA83ED170}.Release|Any CPU.Build.0 = Release|Any CPU
		{AC8E67C7-A914-4EC8-899F-8C963EE1EEA9}.Debug|Any CPU.ActiveCfg = Debug|Any CPU
		{AC8E67C7-A914-4EC8-899F-8C963EE1EEA9}.Debug|Any CPU.Build.0 = Debug|Any CPU
		{AC8E67C7-A914-4EC8-899F-8C963EE1EEA9}.Release|Any CPU.ActiveCfg = Release|Any CPU
		{AC8E67C7-A914-4EC8-899F-8C963EE1EEA9}.Release|Any CPU.Build.0 = Release|Any CPU
	EndGlobalSection
	GlobalSection(SolutionProperties) = preSolution
		HideSolutionNode = FALSE
	EndGlobalSection
	GlobalSection(ExtensibilityGlobals) = postSolution
		SolutionGuid = {2857B371-317D-402B-A8D8-0FBDC5D0001F}
	EndGlobalSection
EndGlobal
